
Microsoft Visual Studio Solution File, Format Version 10.00
# Visual C# Express 2008
Project("{FAE04EC0-301F-11D3-BF4B-00C04F79EFBC}") = "OpenSimComms", "OpenSimComms\OpenSimComms.csproj", "{B12FAFDF-CEA9-4F8F-8A9F-29B09D51E9AF}"
EndProject
Project("{FAE04EC0-301F-11D3-BF4B-00C04F79EFBC}") = "Grider", "Grider\Grider.csproj", "{E54EC4E7-C121-451D-A850-BFBD8CBC4C6B}"
	ProjectSection(ProjectDependencies) = postProject
		{B12FAFDF-CEA9-4F8F-8A9F-29B09D51E9AF} = {B12FAFDF-CEA9-4F8F-8A9F-29B09D51E9AF}
	EndProjectSection
EndProject
Global
	GlobalSection(SolutionConfigurationPlatforms) = preSolution
		Debug|Any CPU = Debug|Any CPU
		Release|Any CPU = Release|Any CPU
	EndGlobalSection
	GlobalSection(ProjectConfigurationPlatforms) = postSolution
		{B12FAFDF-CEA9-4F8F-8A9F-29B09D51E9AF}.Debug|Any CPU.ActiveCfg = Debug|Any CPU
		{B12FAFDF-CEA9-4F8F-8A9F-29B09D51E9AF}.Debug|Any CPU.Build.0 = Debug|Any CPU
		{B12FAFDF-CEA9-4F8F-8A9F-29B09D51E9AF}.Release|Any CPU.ActiveCfg = Release|Any CPU
		{B12FAFDF-CEA9-4F8F-8A9F-29B09D51E9AF}.Release|Any CPU.Build.0 = Release|Any CPU
		{E54EC4E7-C121-451D-A850-BFBD8CBC4C6B}.Debug|Any CPU.ActiveCfg = Debug|Any CPU
		{E54EC4E7-C121-451D-A850-BFBD8CBC4C6B}.Debug|Any CPU.Build.0 = Debug|Any CPU
		{E54EC4E7-C121-451D-A850-BFBD8CBC4C6B}.Release|Any CPU.ActiveCfg = Release|Any CPU
		{E54EC4E7-C121-451D-A850-BFBD8CBC4C6B}.Release|Any CPU.Build.0 = Release|Any CPU
	EndGlobalSection
	GlobalSection(SolutionProperties) = preSolution
		HideSolutionNode = FALSE
	EndGlobalSection
EndGlobal
